// !$*UTF8*$!
{
	archiveVersion = 1;
	classes = {
	};
	objectVersion = 55;
	objects = {

/* Begin PBXBuildFile section */
		1D287F1B299A318D00D3DF79 /* AKUpdateManager.docc in Sources */ = {isa = PBXBuildFile; fileRef = 1D287F1A299A318D00D3DF79 /* AKUpdateManager.docc */; };
		1D287F21299A318D00D3DF79 /* AKUpdateManager.framework in Frameworks */ = {isa = PBXBuildFile; fileRef = 1D287F16299A318D00D3DF79 /* AKUpdateManager.framework */; };
		1D287F26299A318D00D3DF79 /* AKUpdateManagerTests.swift in Sources */ = {isa = PBXBuildFile; fileRef = 1D287F25299A318D00D3DF79 /* AKUpdateManagerTests.swift */; };
		1D287F27299A318D00D3DF79 /* AKUpdateManager.h in Headers */ = {isa = PBXBuildFile; fileRef = 1D287F19299A318D00D3DF79 /* AKUpdateManager.h */; settings = {ATTRIBUTES = (Public, ); }; };
		1D287F33299A31DA00D3DF79 /* AKUpdateManager.swift in Sources */ = {isa = PBXBuildFile; fileRef = 1D287F32299A31DA00D3DF79 /* AKUpdateManager.swift */; };
		C41A56A548F3EE6E51ACB1F5 /* Pods_AKUpdateManager.framework in Frameworks */ = {isa = PBXBuildFile; fileRef = 49D11AD2CA745EA0362E2393 /* Pods_AKUpdateManager.framework */; };
		E00FA7C26141F42BEF6FCB15 /* Pods_AKUpdateManager_AKUpdateManagerTests.framework in Frameworks */ = {isa = PBXBuildFile; fileRef = 5C3014797549FD8B0E92B026 /* Pods_AKUpdateManager_AKUpdateManagerTests.framework */; };
/* End PBXBuildFile section */

/* Begin PBXContainerItemProxy section */
		1D287F22299A318D00D3DF79 /* PBXContainerItemProxy */ = {
			isa = PBXContainerItemProxy;
			containerPortal = 1D287F0D299A318D00D3DF79 /* Project object */;
			proxyType = 1;
			remoteGlobalIDString = 1D287F15299A318D00D3DF79;
			remoteInfo = AKUpdateManager;
		};
/* End PBXContainerItemProxy section */

/* Begin PBXFileReference section */
		1D287F16299A318D00D3DF79 /* AKUpdateManager.framework */ = {isa = PBXFileReference; explicitFileType = wrapper.framework; includeInIndex = 0; path = AKUpdateManager.framework; sourceTree = BUILT_PRODUCTS_DIR; };
		1D287F19299A318D00D3DF79 /* AKUpdateManager.h */ = {isa = PBXFileReference; lastKnownFileType = sourcecode.c.h; path = AKUpdateManager.h; sourceTree = "<group>"; };
		1D287F1A299A318D00D3DF79 /* AKUpdateManager.docc */ = {isa = PBXFileReference; lastKnownFileType = folder.documentationcatalog; path = AKUpdateManager.docc; sourceTree = "<group>"; };
		1D287F20299A318D00D3DF79 /* AKUpdateManagerTests.xctest */ = {isa = PBXFileReference; explicitFileType = wrapper.cfbundle; includeInIndex = 0; path = AKUpdateManagerTests.xctest; sourceTree = BUILT_PRODUCTS_DIR; };
		1D287F25299A318D00D3DF79 /* AKUpdateManagerTests.swift */ = {isa = PBXFileReference; lastKnownFileType = sourcecode.swift; path = AKUpdateManagerTests.swift; sourceTree = "<group>"; };
		1D287F32299A31DA00D3DF79 /* AKUpdateManager.swift */ = {isa = PBXFileReference; fileEncoding = 4; lastKnownFileType = sourcecode.swift; path = AKUpdateManager.swift; sourceTree = "<group>"; };
		2046DFBEE2ACA80297A42675 /* Pods-AKUpdateManager.release.xcconfig */ = {isa = PBXFileReference; includeInIndex = 1; lastKnownFileType = text.xcconfig; name = "Pods-AKUpdateManager.release.xcconfig"; path = "Target Support Files/Pods-AKUpdateManager/Pods-AKUpdateManager.release.xcconfig"; sourceTree = "<group>"; };
		49D11AD2CA745EA0362E2393 /* Pods_AKUpdateManager.framework */ = {isa = PBXFileReference; explicitFileType = wrapper.framework; includeInIndex = 0; path = Pods_AKUpdateManager.framework; sourceTree = BUILT_PRODUCTS_DIR; };
		4AAA1B969398DF83D71BA902 /* Pods-AKUpdateManager-AKUpdateManagerTests.release.xcconfig */ = {isa = PBXFileReference; includeInIndex = 1; lastKnownFileType = text.xcconfig; name = "Pods-AKUpdateManager-AKUpdateManagerTests.release.xcconfig"; path = "Target Support Files/Pods-AKUpdateManager-AKUpdateManagerTests/Pods-AKUpdateManager-AKUpdateManagerTests.release.xcconfig"; sourceTree = "<group>"; };
		549BE3B371F9B74A46C85D95 /* Pods-AKUpdateManager.debug.xcconfig */ = {isa = PBXFileReference; includeInIndex = 1; lastKnownFileType = text.xcconfig; name = "Pods-AKUpdateManager.debug.xcconfig"; path = "Target Support Files/Pods-AKUpdateManager/Pods-AKUpdateManager.debug.xcconfig"; sourceTree = "<group>"; };
		5C3014797549FD8B0E92B026 /* Pods_AKUpdateManager_AKUpdateManagerTests.framework */ = {isa = PBXFileReference; explicitFileType = wrapper.framework; includeInIndex = 0; path = Pods_AKUpdateManager_AKUpdateManagerTests.framework; sourceTree = BUILT_PRODUCTS_DIR; };
		7C54C5DF4AB9CAA3B297E28F /* Pods-AKUpdateManager-AKUpdateManagerTests.debug.xcconfig */ = {isa = PBXFileReference; includeInIndex = 1; lastKnownFileType = text.xcconfig; name = "Pods-AKUpdateManager-AKUpdateManagerTests.debug.xcconfig"; path = "Target Support Files/Pods-AKUpdateManager-AKUpdateManagerTests/Pods-AKUpdateManager-AKUpdateManagerTests.debug.xcconfig"; sourceTree = "<group>"; };
/* End PBXFileReference section */

/* Begin PBXFrameworksBuildPhase section */
		1D287F13299A318D00D3DF79 /* Frameworks */ = {
			isa = PBXFrameworksBuildPhase;
			buildActionMask = 2147483647;
			files = (
				C41A56A548F3EE6E51ACB1F5 /* Pods_AKUpdateManager.framework in Frameworks */,
			);
			runOnlyForDeploymentPostprocessing = 0;
		};
		1D287F1D299A318D00D3DF79 /* Frameworks */ = {
			isa = PBXFrameworksBuildPhase;
			buildActionMask = 2147483647;
			files = (
				1D287F21299A318D00D3DF79 /* AKUpdateManager.framework in Frameworks */,
				E00FA7C26141F42BEF6FCB15 /* Pods_AKUpdateManager_AKUpdateManagerTests.framework in Frameworks */,
			);
			runOnlyForDeploymentPostprocessing = 0;
		};
/* End PBXFrameworksBuildPhase section */

/* Begin PBXGroup section */
		1D287F0C299A318D00D3DF79 = {
			isa = PBXGroup;
			children = (
				1D287F30299A319500D3DF79 /* Sources */,
				1D287F31299A319D00D3DF79 /* Tests */,
				1D287F17299A318D00D3DF79 /* Products */,
				80FD2E9F75191BC4098177F1 /* Pods */,
				EC22ED09AF3C4D8DEBEB18FC /* Frameworks */,
			);
			sourceTree = "<group>";
		};
		1D287F17299A318D00D3DF79 /* Products */ = {
			isa = PBXGroup;
			children = (
				1D287F16299A318D00D3DF79 /* AKUpdateManager.framework */,
				1D287F20299A318D00D3DF79 /* AKUpdateManagerTests.xctest */,
			);
			name = Products;
			sourceTree = "<group>";
		};
		1D287F18299A318D00D3DF79 /* AKUpdateManager */ = {
			isa = PBXGroup;
			children = (
				1D287F32299A31DA00D3DF79 /* AKUpdateManager.swift */,
			);
			path = AKUpdateManager;
			sourceTree = "<group>";
		};
		1D287F24299A318D00D3DF79 /* AKUpdateManagerTests */ = {
			isa = PBXGroup;
			children = (
				1D287F25299A318D00D3DF79 /* AKUpdateManagerTests.swift */,
			);
			path = AKUpdateManagerTests;
			sourceTree = "<group>";
		};
		1D287F30299A319500D3DF79 /* Sources */ = {
			isa = PBXGroup;
			children = (
				1D287F18299A318D00D3DF79 /* AKUpdateManager */,
				1D287F19299A318D00D3DF79 /* AKUpdateManager.h */,
				1D287F1A299A318D00D3DF79 /* AKUpdateManager.docc */,
			);
			path = Sources;
			sourceTree = "<group>";
		};
		1D287F31299A319D00D3DF79 /* Tests */ = {
			isa = PBXGroup;
			children = (
				1D287F24299A318D00D3DF79 /* AKUpdateManagerTests */,
			);
			path = Tests;
			sourceTree = "<group>";
		};
		80FD2E9F75191BC4098177F1 /* Pods */ = {
			isa = PBXGroup;
			children = (
				549BE3B371F9B74A46C85D95 /* Pods-AKUpdateManager.debug.xcconfig */,
				2046DFBEE2ACA80297A42675 /* Pods-AKUpdateManager.release.xcconfig */,
				7C54C5DF4AB9CAA3B297E28F /* Pods-AKUpdateManager-AKUpdateManagerTests.debug.xcconfig */,
				4AAA1B969398DF83D71BA902 /* Pods-AKUpdateManager-AKUpdateManagerTests.release.xcconfig */,
			);
			name = Pods;
			path = Pods;
			sourceTree = "<group>";
		};
		EC22ED09AF3C4D8DEBEB18FC /* Frameworks */ = {
			isa = PBXGroup;
			children = (
				49D11AD2CA745EA0362E2393 /* Pods_AKUpdateManager.framework */,
				5C3014797549FD8B0E92B026 /* Pods_AKUpdateManager_AKUpdateManagerTests.framework */,
			);
			name = Frameworks;
			sourceTree = "<group>";
		};
/* End PBXGroup section */

/* Begin PBXHeadersBuildPhase section */
		1D287F11299A318D00D3DF79 /* Headers */ = {
			isa = PBXHeadersBuildPhase;
			buildActionMask = 2147483647;
			files = (
				1D287F27299A318D00D3DF79 /* AKUpdateManager.h in Headers */,
			);
			runOnlyForDeploymentPostprocessing = 0;
		};
/* End PBXHeadersBuildPhase section */

/* Begin PBXNativeTarget section */
		1D287F15299A318D00D3DF79 /* AKUpdateManager */ = {
			isa = PBXNativeTarget;
			buildConfigurationList = 1D287F2A299A318D00D3DF79 /* Build configuration list for PBXNativeTarget "AKUpdateManager" */;
			buildPhases = (
				200BDC03FE3C3A8F27878B4E /* [CP] Check Pods Manifest.lock */,
				1D287F11299A318D00D3DF79 /* Headers */,
				1D287F12299A318D00D3DF79 /* Sources */,
				1D287F13299A318D00D3DF79 /* Frameworks */,
				1D287F14299A318D00D3DF79 /* Resources */,
			);
			buildRules = (
			);
			dependencies = (
			);
			name = AKUpdateManager;
			productName = AKUpdateManager;
			productReference = 1D287F16299A318D00D3DF79 /* AKUpdateManager.framework */;
			productType = "com.apple.product-type.framework";
		};
		1D287F1F299A318D00D3DF79 /* AKUpdateManagerTests */ = {
			isa = PBXNativeTarget;
			buildConfigurationList = 1D287F2D299A318D00D3DF79 /* Build configuration list for PBXNativeTarget "AKUpdateManagerTests" */;
			buildPhases = (
				41234EF161B3C5D167196998 /* [CP] Check Pods Manifest.lock */,
				1D287F1C299A318D00D3DF79 /* Sources */,
				1D287F1D299A318D00D3DF79 /* Frameworks */,
				1D287F1E299A318D00D3DF79 /* Resources */,
			);
			buildRules = (
			);
			dependencies = (
				1D287F23299A318D00D3DF79 /* PBXTargetDependency */,
			);
			name = AKUpdateManagerTests;
			productName = AKUpdateManagerTests;
			productReference = 1D287F20299A318D00D3DF79 /* AKUpdateManagerTests.xctest */;
			productType = "com.apple.product-type.bundle.unit-test";
		};
/* End PBXNativeTarget section */

/* Begin PBXProject section */
		1D287F0D299A318D00D3DF79 /* Project object */ = {
			isa = PBXProject;
			attributes = {
				BuildIndependentTargetsInParallel = 1;
				LastSwiftUpdateCheck = 1340;
				LastUpgradeCheck = 1340;
				TargetAttributes = {
					1D287F15299A318D00D3DF79 = {
						CreatedOnToolsVersion = 13.4.1;
					};
					1D287F1F299A318D00D3DF79 = {
						CreatedOnToolsVersion = 13.4.1;
					};
				};
			};
			buildConfigurationList = 1D287F10299A318D00D3DF79 /* Build configuration list for PBXProject "AKUpdateManager" */;
			compatibilityVersion = "Xcode 13.0";
			developmentRegion = en;
			hasScannedForEncodings = 0;
			knownRegions = (
				en,
				Base,
			);
			mainGroup = 1D287F0C299A318D00D3DF79;
			productRefGroup = 1D287F17299A318D00D3DF79 /* Products */;
			projectDirPath = "";
			projectRoot = "";
			targets = (
				1D287F15299A318D00D3DF79 /* AKUpdateManager */,
				1D287F1F299A318D00D3DF79 /* AKUpdateManagerTests */,
			);
		};
/* End PBXProject section */

/* Begin PBXResourcesBuildPhase section */
		1D287F14299A318D00D3DF79 /* Resources */ = {
			isa = PBXResourcesBuildPhase;
			buildActionMask = 2147483647;
			files = (
			);
			runOnlyForDeploymentPostprocessing = 0;
		};
		1D287F1E299A318D00D3DF79 /* Resources */ = {
			isa = PBXResourcesBuildPhase;
			buildActionMask = 2147483647;
			files = (
			);
			runOnlyForDeploymentPostprocessing = 0;
		};
/* End PBXResourcesBuildPhase section */

/* Begin PBXShellScriptBuildPhase section */
		200BDC03FE3C3A8F27878B4E /* [CP] Check Pods Manifest.lock */ = {
			isa = PBXShellScriptBuildPhase;
			buildActionMask = 2147483647;
			files = (
			);
			inputFileListPaths = (
			);
			inputPaths = (
				"${PODS_PODFILE_DIR_PATH}/Podfile.lock",
				"${PODS_ROOT}/Manifest.lock",
			);
			name = "[CP] Check Pods Manifest.lock";
			outputFileListPaths = (
			);
			outputPaths = (
				"$(DERIVED_FILE_DIR)/Pods-AKUpdateManager-checkManifestLockResult.txt",
			);
			runOnlyForDeploymentPostprocessing = 0;
			shellPath = /bin/sh;
			shellScript = "diff \"${PODS_PODFILE_DIR_PATH}/Podfile.lock\" \"${PODS_ROOT}/Manifest.lock\" > /dev/null\nif [ $? != 0 ] ; then\n    # print error to STDERR\n    echo \"error: The sandbox is not in sync with the Podfile.lock. Run 'pod install' or update your CocoaPods installation.\" >&2\n    exit 1\nfi\n# This output is used by Xcode 'outputs' to avoid re-running this script phase.\necho \"SUCCESS\" > \"${SCRIPT_OUTPUT_FILE_0}\"\n";
			showEnvVarsInLog = 0;
		};
		41234EF161B3C5D167196998 /* [CP] Check Pods Manifest.lock */ = {
			isa = PBXShellScriptBuildPhase;
			buildActionMask = 2147483647;
			files = (
			);
			inputFileListPaths = (
			);
			inputPaths = (
				"${PODS_PODFILE_DIR_PATH}/Podfile.lock",
				"${PODS_ROOT}/Manifest.lock",
			);
			name = "[CP] Check Pods Manifest.lock";
			outputFileListPaths = (
			);
			outputPaths = (
				"$(DERIVED_FILE_DIR)/Pods-AKUpdateManager-AKUpdateManagerTests-checkManifestLockResult.txt",
			);
			runOnlyForDeploymentPostprocessing = 0;
			shellPath = /bin/sh;
			shellScript = "diff \"${PODS_PODFILE_DIR_PATH}/Podfile.lock\" \"${PODS_ROOT}/Manifest.lock\" > /dev/null\nif [ $? != 0 ] ; then\n    # print error to STDERR\n    echo \"error: The sandbox is not in sync with the Podfile.lock. Run 'pod install' or update your CocoaPods installation.\" >&2\n    exit 1\nfi\n# This output is used by Xcode 'outputs' to avoid re-running this script phase.\necho \"SUCCESS\" > \"${SCRIPT_OUTPUT_FILE_0}\"\n";
			showEnvVarsInLog = 0;
		};
/* End PBXShellScriptBuildPhase section */

/* Begin PBXSourcesBuildPhase section */
		1D287F12299A318D00D3DF79 /* Sources */ = {
			isa = PBXSourcesBuildPhase;
			buildActionMask = 2147483647;
			files = (
				1D287F1B299A318D00D3DF79 /* AKUpdateManager.docc in Sources */,
				1D287F33299A31DA00D3DF79 /* AKUpdateManager.swift in Sources */,
			);
			runOnlyForDeploymentPostprocessing = 0;
		};
		1D287F1C299A318D00D3DF79 /* Sources */ = {
			isa = PBXSourcesBuildPhase;
			buildActionMask = 2147483647;
			files = (
				1D287F26299A318D00D3DF79 /* AKUpdateManagerTests.swift in Sources */,
			);
			runOnlyForDeploymentPostprocessing = 0;
		};
/* End PBXSourcesBuildPhase section */

/* Begin PBXTargetDependency section */
		1D287F23299A318D00D3DF79 /* PBXTargetDependency */ = {
			isa = PBXTargetDependency;
			target = 1D287F15299A318D00D3DF79 /* AKUpdateManager */;
			targetProxy = 1D287F22299A318D00D3DF79 /* PBXContainerItemProxy */;
		};
/* End PBXTargetDependency section */

/* Begin XCBuildConfiguration section */
		1D287F28299A318D00D3DF79 /* Debug */ = {
			isa = XCBuildConfiguration;
			buildSettings = {
				ALWAYS_SEARCH_USER_PATHS = NO;
				CLANG_ANALYZER_NONNULL = YES;
				CLANG_ANALYZER_NUMBER_OBJECT_CONVERSION = YES_AGGRESSIVE;
				CLANG_CXX_LANGUAGE_STANDARD = "gnu++17";
				CLANG_ENABLE_MODULES = YES;
				CLANG_ENABLE_OBJC_ARC = YES;
				CLANG_ENABLE_OBJC_WEAK = YES;
				CLANG_WARN_BLOCK_CAPTURE_AUTORELEASING = YES;
				CLANG_WARN_BOOL_CONVERSION = YES;
				CLANG_WARN_COMMA = YES;
				CLANG_WARN_CONSTANT_CONVERSION = YES;
				CLANG_WARN_DEPRECATED_OBJC_IMPLEMENTATIONS = YES;
				CLANG_WARN_DIRECT_OBJC_ISA_USAGE = YES_ERROR;
				CLANG_WARN_DOCUMENTATION_COMMENTS = YES;
				CLANG_WARN_EMPTY_BODY = YES;
				CLANG_WARN_ENUM_CONVERSION = YES;
				CLANG_WARN_INFINITE_RECURSION = YES;
				CLANG_WARN_INT_CONVERSION = YES;
				CLANG_WARN_NON_LITERAL_NULL_CONVERSION = YES;
				CLANG_WARN_OBJC_IMPLICIT_RETAIN_SELF = YES;
				CLANG_WARN_OBJC_LITERAL_CONVERSION = YES;
				CLANG_WARN_OBJC_ROOT_CLASS = YES_ERROR;
				CLANG_WARN_QUOTED_INCLUDE_IN_FRAMEWORK_HEADER = YES;
				CLANG_WARN_RANGE_LOOP_ANALYSIS = YES;
				CLANG_WARN_STRICT_PROTOTYPES = YES;
				CLANG_WARN_SUSPICIOUS_MOVE = YES;
				CLANG_WARN_UNGUARDED_AVAILABILITY = YES_AGGRESSIVE;
				CLANG_WARN_UNREACHABLE_CODE = YES;
				CLANG_WARN__DUPLICATE_METHOD_MATCH = YES;
				COPY_PHASE_STRIP = NO;
				CURRENT_PROJECT_VERSION = 1;
				DEBUG_INFORMATION_FORMAT = dwarf;
				ENABLE_STRICT_OBJC_MSGSEND = YES;
				ENABLE_TESTABILITY = YES;
				GCC_C_LANGUAGE_STANDARD = gnu11;
				GCC_DYNAMIC_NO_PIC = NO;
				GCC_NO_COMMON_BLOCKS = YES;
				GCC_OPTIMIZATION_LEVEL = 0;
				GCC_PREPROCESSOR_DEFINITIONS = (
					"DEBUG=1",
					"$(inherited)",
				);
				GCC_WARN_64_TO_32_BIT_CONVERSION = YES;
				GCC_WARN_ABOUT_RETURN_TYPE = YES_ERROR;
				GCC_WARN_UNDECLARED_SELECTOR = YES;
				GCC_WARN_UNINITIALIZED_AUTOS = YES_AGGRESSIVE;
				GCC_WARN_UNUSED_FUNCTION = YES;
				GCC_WARN_UNUSED_VARIABLE = YES;
				IPHONEOS_DEPLOYMENT_TARGET = 15.5;
				MTL_ENABLE_DEBUG_INFO = INCLUDE_SOURCE;
				MTL_FAST_MATH = YES;
				ONLY_ACTIVE_ARCH = YES;
				SDKROOT = iphoneos;
				SWIFT_ACTIVE_COMPILATION_CONDITIONS = DEBUG;
				SWIFT_OPTIMIZATION_LEVEL = "-Onone";
				VERSIONING_SYSTEM = "apple-generic";
				VERSION_INFO_PREFIX = "";
			};
			name = Debug;
		};
		1D287F29299A318D00D3DF79 /* Release */ = {
			isa = XCBuildConfiguration;
			buildSettings = {
				ALWAYS_SEARCH_USER_PATHS = NO;
				CLANG_ANALYZER_NONNULL = YES;
				CLANG_ANALYZER_NUMBER_OBJECT_CONVERSION = YES_AGGRESSIVE;
				CLANG_CXX_LANGUAGE_STANDARD = "gnu++17";
				CLANG_ENABLE_MODULES = YES;
				CLANG_ENABLE_OBJC_ARC = YES;
				CLANG_ENABLE_OBJC_WEAK = YES;
				CLANG_WARN_BLOCK_CAPTURE_AUTORELEASING = YES;
				CLANG_WARN_BOOL_CONVERSION = YES;
				CLANG_WARN_COMMA = YES;
				CLANG_WARN_CONSTANT_CONVERSION = YES;
				CLANG_WARN_DEPRECATED_OBJC_IMPLEMENTATIONS = YES;
				CLANG_WARN_DIRECT_OBJC_ISA_USAGE = YES_ERROR;
				CLANG_WARN_DOCUMENTATION_COMMENTS = YES;
				CLANG_WARN_EMPTY_BODY = YES;
				CLANG_WARN_ENUM_CONVERSION = YES;
				CLANG_WARN_INFINITE_RECURSION = YES;
				CLANG_WARN_INT_CONVERSION = YES;
				CLANG_WARN_NON_LITERAL_NULL_CONVERSION = YES;
				CLANG_WARN_OBJC_IMPLICIT_RETAIN_SELF = YES;
				CLANG_WARN_OBJC_LITERAL_CONVERSION = YES;
				CLANG_WARN_OBJC_ROOT_CLASS = YES_ERROR;
				CLANG_WARN_QUOTED_INCLUDE_IN_FRAMEWORK_HEADER = YES;
				CLANG_WARN_RANGE_LOOP_ANALYSIS = YES;
				CLANG_WARN_STRICT_PROTOTYPES = YES;
				CLANG_WARN_SUSPICIOUS_MOVE = YES;
				CLANG_WARN_UNGUARDED_AVAILABILITY = YES_AGGRESSIVE;
				CLANG_WARN_UNREACHABLE_CODE = YES;
				CLANG_WARN__DUPLICATE_METHOD_MATCH = YES;
				COPY_PHASE_STRIP = NO;
				CURRENT_PROJECT_VERSION = 1;
				DEBUG_INFORMATION_FORMAT = "dwarf-with-dsym";
				ENABLE_NS_ASSERTIONS = NO;
				ENABLE_STRICT_OBJC_MSGSEND = YES;
				GCC_C_LANGUAGE_STANDARD = gnu11;
				GCC_NO_COMMON_BLOCKS = YES;
				GCC_WARN_64_TO_32_BIT_CONVERSION = YES;
				GCC_WARN_ABOUT_RETURN_TYPE = YES_ERROR;
				GCC_WARN_UNDECLARED_SELECTOR = YES;
				GCC_WARN_UNINITIALIZED_AUTOS = YES_AGGRESSIVE;
				GCC_WARN_UNUSED_FUNCTION = YES;
				GCC_WARN_UNUSED_VARIABLE = YES;
				IPHONEOS_DEPLOYMENT_TARGET = 15.5;
				MTL_ENABLE_DEBUG_INFO = NO;
				MTL_FAST_MATH = YES;
				SDKROOT = iphoneos;
				SWIFT_COMPILATION_MODE = wholemodule;
				SWIFT_OPTIMIZATION_LEVEL = "-O";
				VALIDATE_PRODUCT = YES;
				VERSIONING_SYSTEM = "apple-generic";
				VERSION_INFO_PREFIX = "";
			};
			name = Release;
		};
		1D287F2B299A318D00D3DF79 /* Debug */ = {
			isa = XCBuildConfiguration;
			baseConfigurationReference = 549BE3B371F9B74A46C85D95 /* Pods-AKUpdateManager.debug.xcconfig */;
			buildSettings = {
				CODE_SIGN_STYLE = Automatic;
				CURRENT_PROJECT_VERSION = 1;
				DEFINES_MODULE = YES;
				DEVELOPMENT_TEAM = S84559HK9V;
				DYLIB_COMPATIBILITY_VERSION = 1;
				DYLIB_CURRENT_VERSION = 1;
				DYLIB_INSTALL_NAME_BASE = "@rpath";
				GENERATE_INFOPLIST_FILE = YES;
				INFOPLIST_KEY_NSHumanReadableCopyright = "";
				INSTALL_PATH = "$(LOCAL_LIBRARY_DIR)/Frameworks";
				LD_RUNPATH_SEARCH_PATHS = (
					"$(inherited)",
					"@executable_path/Frameworks",
					"@loader_path/Frameworks",
				);
				MARKETING_VERSION = 1.0;
				PRODUCT_BUNDLE_IDENTIFIER = com.amr.koritem.AKUpdateManager;
				PRODUCT_NAME = "$(TARGET_NAME:c99extidentifier)";
				SKIP_INSTALL = YES;
				SWIFT_EMIT_LOC_STRINGS = YES;
				SWIFT_VERSION = 5.0;
				TARGETED_DEVICE_FAMILY = "1,2";
			};
			name = Debug;
		};
		1D287F2C299A318D00D3DF79 /* Release */ = {
			isa = XCBuildConfiguration;
			baseConfigurationReference = 2046DFBEE2ACA80297A42675 /* Pods-AKUpdateManager.release.xcconfig */;
			buildSettings = {
				CODE_SIGN_STYLE = Automatic;
				CURRENT_PROJECT_VERSION = 1;
				DEFINES_MODULE = YES;
				DEVELOPMENT_TEAM = S84559HK9V;
				DYLIB_COMPATIBILITY_VERSION = 1;
				DYLIB_CURRENT_VERSION = 1;
				DYLIB_INSTALL_NAME_BASE = "@rpath";
				GENERATE_INFOPLIST_FILE = YES;
				INFOPLIST_KEY_NSHumanReadableCopyright = "";
				INSTALL_PATH = "$(LOCAL_LIBRARY_DIR)/Frameworks";
				LD_RUNPATH_SEARCH_PATHS = (
					"$(inherited)",
					"@executable_path/Frameworks",
					"@loader_path/Frameworks",
				);
				MARKETING_VERSION = 1.0;
				PRODUCT_BUNDLE_IDENTIFIER = com.amr.koritem.AKUpdateManager;
				PRODUCT_NAME = "$(TARGET_NAME:c99extidentifier)";
				SKIP_INSTALL = YES;
				SWIFT_EMIT_LOC_STRINGS = YES;
				SWIFT_VERSION = 5.0;
				TARGETED_DEVICE_FAMILY = "1,2";
			};
			name = Release;
		};
		1D287F2E299A318D00D3DF79 /* Debug */ = {
			isa = XCBuildConfiguration;
			baseConfigurationReference = 7C54C5DF4AB9CAA3B297E28F /* Pods-AKUpdateManager-AKUpdateManagerTests.debug.xcconfig */;
			buildSettings = {
				ALWAYS_EMBED_SWIFT_STANDARD_LIBRARIES = YES;
				CODE_SIGN_STYLE = Automatic;
				CURRENT_PROJECT_VERSION = 1;
				DEVELOPMENT_TEAM = S84559HK9V;
				GENERATE_INFOPLIST_FILE = YES;
				MARKETING_VERSION = 1.0;
				PRODUCT_BUNDLE_IDENTIFIER = com.amr.koritem.AKUpdateManagerTests;
				PRODUCT_NAME = "$(TARGET_NAME)";
				SWIFT_EMIT_LOC_STRINGS = NO;
				SWIFT_VERSION = 5.0;
				TARGETED_DEVICE_FAMILY = "1,2";
			};
			name = Debug;
		};
		1D287F2F299A318D00D3DF79 /* Release */ = {
			isa = XCBuildConfiguration;
			baseConfigurationReference = 4AAA1B969398DF83D71BA902 /* Pods-AKUpdateManager-AKUpdateManagerTests.release.xcconfig */;
			buildSettings = {
				ALWAYS_EMBED_SWIFT_STANDARD_LIBRARIES = YES;
				CODE_SIGN_STYLE = Automatic;
				CURRENT_PROJECT_VERSION = 1;
				DEVELOPMENT_TEAM = S84559HK9V;
				GENERATE_INFOPLIST_FILE = YES;
				MARKETING_VERSION = 1.0;
				PRODUCT_BUNDLE_IDENTIFIER = com.amr.koritem.AKUpdateManagerTests;
				PRODUCT_NAME = "$(TARGET_NAME)";
				SWIFT_EMIT_LOC_STRINGS = NO;
				SWIFT_VERSION = 5.0;
				TARGETED_DEVICE_FAMILY = "1,2";
			};
			name = Release;
		};
/* End XCBuildConfiguration section */

/* Begin XCConfigurationList section */
		1D287F10299A318D00D3DF79 /* Build configuration list for PBXProject "AKUpdateManager" */ = {
			isa = XCConfigurationList;
			buildConfigurations = (
				1D287F28299A318D00D3DF79 /* Debug */,
				1D287F29299A318D00D3DF79 /* Release */,
			);
			defaultConfigurationIsVisible = 0;
			defaultConfigurationName = Release;
		};
		1D287F2A299A318D00D3DF79 /* Build configuration list for PBXNativeTarget "AKUpdateManager" */ = {
			isa = XCConfigurationList;
			buildConfigurations = (
				1D287F2B299A318D00D3DF79 /* Debug */,
				1D287F2C299A318D00D3DF79 /* Release */,
			);
			defaultConfigurationIsVisible = 0;
			defaultConfigurationName = Release;
		};
		1D287F2D299A318D00D3DF79 /* Build configuration list for PBXNativeTarget "AKUpdateManagerTests" */ = {
			isa = XCConfigurationList;
			buildConfigurations = (
				1D287F2E299A318D00D3DF79 /* Debug */,
				1D287F2F299A318D00D3DF79 /* Release */,
			);
			defaultConfigurationIsVisible = 0;
			defaultConfigurationName = Release;
		};
/* End XCConfigurationList section */
	};
	rootObject = 1D287F0D299A318D00D3DF79 /* Project object */;
}
